
Microsoft Visual Studio Solution File, Format Version 12.00
# Visual Studio Version 17
VisualStudioVersion = 17.10.35027.167
MinimumVisualStudioVersion = 10.0.40219.1
Project("{FAE04EC0-301F-11D3-BF4B-00C04F79EFBC}") = "FrameworkDLLWork", "FrameworkDLLWork\FrameworkDLLWork.csproj", "{985C27AB-C731-4CDC-B73D-39B319A44A61}"
EndProject
Project("{FAE04EC0-301F-11D3-BF4B-00C04F79EFBC}") = "Framework1", "Framework1\Framework1.csproj", "{9E055A4A-6064-492C-837D-1242D6E8F9A8}"
EndProject
Project("{FAE04EC0-301F-11D3-BF4B-00C04F79EFBC}") = "DLLStore", "DLLStore\DLLStore.csproj", "{B5BA8FCF-44E0-40C1-87D6-89527204EBFD}"
EndProject
Global
	GlobalSection(SolutionConfigurationPlatforms) = preSolution
		Debug|Any CPU = Debug|Any CPU
		Release|Any CPU = Release|Any CPU
	EndGlobalSection
	GlobalSection(ProjectConfigurationPlatforms) = postSolution
		{985C27AB-C731-4CDC-B73D-39B319A44A61}.Debug|Any CPU.ActiveCfg = Debug|Any CPU
		{985C27AB-C731-4CDC-B73D-39B319A44A61}.Debug|Any CPU.Build.0 = Debug|Any CPU
		{985C27AB-C731-4CDC-B73D-39B319A44A61}.Release|Any CPU.ActiveCfg = Release|Any CPU
		{985C27AB-C731-4CDC-B73D-39B319A44A61}.Release|Any CPU.Build.0 = Release|Any CPU
		{9E055A4A-6064-492C-837D-1242D6E8F9A8}.Debug|Any CPU.ActiveCfg = Debug|Any CPU
		{9E055A4A-6064-492C-837D-1242D6E8F9A8}.Debug|Any CPU.Build.0 = Debug|Any CPU
		{9E055A4A-6064-492C-837D-1242D6E8F9A8}.Release|Any CPU.ActiveCfg = Release|Any CPU
		{9E055A4A-6064-492C-837D-1242D6E8F9A8}.Release|Any CPU.Build.0 = Release|Any CPU
		{B5BA8FCF-44E0-40C1-87D6-89527204EBFD}.Debug|Any CPU.ActiveCfg = Debug|Any CPU
		{B5BA8FCF-44E0-40C1-87D6-89527204EBFD}.Debug|Any CPU.Build.0 = Debug|Any CPU
		{B5BA8FCF-44E0-40C1-87D6-89527204EBFD}.Release|Any CPU.ActiveCfg = Release|Any CPU
		{B5BA8FCF-44E0-40C1-87D6-89527204EBFD}.Release|Any CPU.Build.0 = Release|Any CPU
	EndGlobalSection
	GlobalSection(SolutionProperties) = preSolution
		HideSolutionNode = FALSE
	EndGlobalSection
	GlobalSection(ExtensibilityGlobals) = postSolution
		SolutionGuid = {B1E2B8AF-1091-461E-867C-E6004B15C3FF}
	EndGlobalSection
EndGlobal
